// !$*UTF8*$!
{
	archiveVersion = 1;
	classes = {
	};
	objectVersion = 55;
	objects = {

/* Begin PBXBuildFile section */
		180DF3AA28C27F3C00C000AA /* WildCatsManager.swift in Sources */ = {isa = PBXBuildFile; fileRef = 180DF3A928C27F3C00C000AA /* WildCatsManager.swift */; };
		180DF3B028C28A6400C000AA /* CardView.swift in Sources */ = {isa = PBXBuildFile; fileRef = 180DF3AF28C28A6400C000AA /* CardView.swift */; };
		180DF3B228C29D0000C000AA /* AnimalView.swift in Sources */ = {isa = PBXBuildFile; fileRef = 180DF3B128C29D0000C000AA /* AnimalView.swift */; };
		18689DA528C27C6300B77995 /* WildCatsApp.swift in Sources */ = {isa = PBXBuildFile; fileRef = 18689DA428C27C6300B77995 /* WildCatsApp.swift */; };
		18689DA728C27C6300B77995 /* ContentView.swift in Sources */ = {isa = PBXBuildFile; fileRef = 18689DA628C27C6300B77995 /* ContentView.swift */; };
		18689DA928C27C6800B77995 /* Assets.xcassets in Resources */ = {isa = PBXBuildFile; fileRef = 18689DA828C27C6800B77995 /* Assets.xcassets */; };
		18689DAC28C27C6800B77995 /* Preview Assets.xcassets in Resources */ = {isa = PBXBuildFile; fileRef = 18689DAB28C27C6800B77995 /* Preview Assets.xcassets */; };
		18FC0FDB28C33C48004170B6 /* HomeView.swift in Sources */ = {isa = PBXBuildFile; fileRef = 18FC0FDA28C33C48004170B6 /* HomeView.swift */; };
		18FC0FDE28C3D9DE004170B6 /* ButtonView.swift in Sources */ = {isa = PBXBuildFile; fileRef = 18FC0FDD28C3D9DE004170B6 /* ButtonView.swift */; };
/* End PBXBuildFile section */

/* Begin PBXFileReference section */
		180DF3A928C27F3C00C000AA /* WildCatsManager.swift */ = {isa = PBXFileReference; lastKnownFileType = sourcecode.swift; path = WildCatsManager.swift; sourceTree = "<group>"; };
		180DF3AF28C28A6400C000AA /* CardView.swift */ = {isa = PBXFileReference; lastKnownFileType = sourcecode.swift; path = CardView.swift; sourceTree = "<group>"; };
		180DF3B128C29D0000C000AA /* AnimalView.swift */ = {isa = PBXFileReference; lastKnownFileType = sourcecode.swift; path = AnimalView.swift; sourceTree = "<group>"; };
		18689DA128C27C6300B77995 /* WildCats.app */ = {isa = PBXFileReference; explicitFileType = wrapper.application; includeInIndex = 0; path = WildCats.app; sourceTree = BUILT_PRODUCTS_DIR; };
		18689DA428C27C6300B77995 /* WildCatsApp.swift */ = {isa = PBXFileReference; lastKnownFileType = sourcecode.swift; path = WildCatsApp.swift; sourceTree = "<group>"; };
		18689DA628C27C6300B77995 /* ContentView.swift */ = {isa = PBXFileReference; lastKnownFileType = sourcecode.swift; path = ContentView.swift; sourceTree = "<group>"; };
		18689DA828C27C6800B77995 /* Assets.xcassets */ = {isa = PBXFileReference; lastKnownFileType = folder.assetcatalog; path = Assets.xcassets; sourceTree = "<group>"; };
		18689DAB28C27C6800B77995 /* Preview Assets.xcassets */ = {isa = PBXFileReference; lastKnownFileType = folder.assetcatalog; path = "Preview Assets.xcassets"; sourceTree = "<group>"; };
		18FC0FDA28C33C48004170B6 /* HomeView.swift */ = {isa = PBXFileReference; lastKnownFileType = sourcecode.swift; path = HomeView.swift; sourceTree = "<group>"; };
		18FC0FDD28C3D9DE004170B6 /* ButtonView.swift */ = {isa = PBXFileReference; lastKnownFileType = sourcecode.swift; path = ButtonView.swift; sourceTree = "<group>"; };
/* End PBXFileReference section */

/* Begin PBXFrameworksBuildPhase section */
		18689D9E28C27C6300B77995 /* Frameworks */ = {
			isa = PBXFrameworksBuildPhase;
			buildActionMask = 2147483647;
			files = (
			);
			runOnlyForDeploymentPostprocessing = 0;
		};
/* End PBXFrameworksBuildPhase section */

/* Begin PBXGroup section */
		18689D9828C27C6300B77995 = {
			isa = PBXGroup;
			children = (
				18689DA328C27C6300B77995 /* WildCats */,
				18689DA228C27C6300B77995 /* Products */,
			);
			sourceTree = "<group>";
		};
		18689DA228C27C6300B77995 /* Products */ = {
			isa = PBXGroup;
			children = (
				18689DA128C27C6300B77995 /* WildCats.app */,
			);
			name = Products;
			sourceTree = "<group>";
		};
		18689DA328C27C6300B77995 /* WildCats */ = {
			isa = PBXGroup;
			children = (
				18689DA428C27C6300B77995 /* WildCatsApp.swift */,
				180DF3A928C27F3C00C000AA /* WildCatsManager.swift */,
				18FC0FDA28C33C48004170B6 /* HomeView.swift */,
				18FC0FDC28C3B553004170B6 /* Views */,
				18689DA828C27C6800B77995 /* Assets.xcassets */,
				18689DAA28C27C6800B77995 /* Preview Content */,
			);
			path = WildCats;
			sourceTree = "<group>";
		};
		18689DAA28C27C6800B77995 /* Preview Content */ = {
			isa = PBXGroup;
			children = (
				18689DAB28C27C6800B77995 /* Preview Assets.xcassets */,
			);
			path = "Preview Content";
			sourceTree = "<group>";
		};
		18FC0FDC28C3B553004170B6 /* Views */ = {
			isa = PBXGroup;
			children = (
				18689DA628C27C6300B77995 /* ContentView.swift */,
				180DF3AF28C28A6400C000AA /* CardView.swift */,
				180DF3B128C29D0000C000AA /* AnimalView.swift */,
				18FC0FDD28C3D9DE004170B6 /* ButtonView.swift */,
			);
			path = Views;
			sourceTree = "<group>";
		};
/* End PBXGroup section */

/* Begin PBXNativeTarget section */
		18689DA028C27C6300B77995 /* WildCats */ = {
			isa = PBXNativeTarget;
			buildConfigurationList = 18689DAF28C27C6800B77995 /* Build configuration list for PBXNativeTarget "WildCats" */;
			buildPhases = (
				18689D9D28C27C6300B77995 /* Sources */,
				18689D9E28C27C6300B77995 /* Frameworks */,
				18689D9F28C27C6300B77995 /* Resources */,
			);
			buildRules = (
			);
			dependencies = (
			);
			name = WildCats;
			productName = WildCats;
			productReference = 18689DA128C27C6300B77995 /* WildCats.app */;
			productType = "com.apple.product-type.application";
		};
/* End PBXNativeTarget section */

/* Begin PBXProject section */
		18689D9928C27C6300B77995 /* Project object */ = {
			isa = PBXProject;
			attributes = {
				BuildIndependentTargetsInParallel = 1;
				LastSwiftUpdateCheck = 1310;
				LastUpgradeCheck = 1310;
				TargetAttributes = {
					18689DA028C27C6300B77995 = {
						CreatedOnToolsVersion = 13.1;
					};
				};
			};
			buildConfigurationList = 18689D9C28C27C6300B77995 /* Build configuration list for PBXProject "WildCats" */;
			compatibilityVersion = "Xcode 13.0";
			developmentRegion = en;
			hasScannedForEncodings = 0;
			knownRegions = (
				en,
				Base,
			);
			mainGroup = 18689D9828C27C6300B77995;
			productRefGroup = 18689DA228C27C6300B77995 /* Products */;
			projectDirPath = "";
			projectRoot = "";
			targets = (
				18689DA028C27C6300B77995 /* WildCats */,
			);
		};
/* End PBXProject section */

/* Begin PBXResourcesBuildPhase section */
		18689D9F28C27C6300B77995 /* Resources */ = {
			isa = PBXResourcesBuildPhase;
			buildActionMask = 2147483647;
			files = (
				18689DAC28C27C6800B77995 /* Preview Assets.xcassets in Resources */,
				18689DA928C27C6800B77995 /* Assets.xcassets in Resources */,
			);
			runOnlyForDeploymentPostprocessing = 0;
		};
/* End PBXResourcesBuildPhase section */

/* Begin PBXSourcesBuildPhase section */
		18689D9D28C27C6300B77995 /* Sources */ = {
			isa = PBXSourcesBuildPhase;
			buildActionMask = 2147483647;
			files = (
				180DF3B228C29D0000C000AA /* AnimalView.swift in Sources */,
				180DF3AA28C27F3C00C000AA /* WildCatsManager.swift in Sources */,
				18689DA728C27C6300B77995 /* ContentView.swift in Sources */,
				18FC0FDB28C33C48004170B6 /* HomeView.swift in Sources */,
				180DF3B028C28A6400C000AA /* CardView.swift in Sources */,
				18689DA528C27C6300B77995 /* WildCatsApp.swift in Sources */,
				18FC0FDE28C3D9DE004170B6 /* ButtonView.swift in Sources */,
			);
			runOnlyForDeploymentPostprocessing = 0;
		};
/* End PBXSourcesBuildPhase section */

/* Begin XCBuildConfiguration section */
		18689DAD28C27C6800B77995 /* Debug */ = {
			isa = XCBuildConfiguration;
			buildSettings = {
				ALWAYS_SEARCH_USER_PATHS = NO;
				CLANG_ANALYZER_NONNULL = YES;
				CLANG_ANALYZER_NUMBER_OBJECT_CONVERSION = YES_AGGRESSIVE;
				CLANG_CXX_LANGUAGE_STANDARD = "gnu++17";
				CLANG_CXX_LIBRARY = "libc++";
				CLANG_ENABLE_MODULES = YES;
				CLANG_ENABLE_OBJC_ARC = YES;
				CLANG_ENABLE_OBJC_WEAK = YES;
				CLANG_WARN_BLOCK_CAPTURE_AUTORELEASING = YES;
				CLANG_WARN_BOOL_CONVERSION = YES;
				CLANG_WARN_COMMA = YES;
				CLANG_WARN_CONSTANT_CONVERSION = YES;
				CLANG_WARN_DEPRECATED_OBJC_IMPLEMENTATIONS = YES;
				CLANG_WARN_DIRECT_OBJC_ISA_USAGE = YES_ERROR;
				CLANG_WARN_DOCUMENTATION_COMMENTS = YES;
				CLANG_WARN_EMPTY_BODY = YES;
				CLANG_WARN_ENUM_CONVERSION = YES;
				CLANG_WARN_INFINITE_RECURSION = YES;
				CLANG_WARN_INT_CONVERSION = YES;
				CLANG_WARN_NON_LITERAL_NULL_CONVERSION = YES;
				CLANG_WARN_OBJC_IMPLICIT_RETAIN_SELF = YES;
				CLANG_WARN_OBJC_LITERAL_CONVERSION = YES;
				CLANG_WARN_OBJC_ROOT_CLASS = YES_ERROR;
				CLANG_WARN_QUOTED_INCLUDE_IN_FRAMEWORK_HEADER = YES;
				CLANG_WARN_RANGE_LOOP_ANALYSIS = YES;
				CLANG_WARN_STRICT_PROTOTYPES = YES;
				CLANG_WARN_SUSPICIOUS_MOVE = YES;
				CLANG_WARN_UNGUARDED_AVAILABILITY = YES_AGGRESSIVE;
				CLANG_WARN_UNREACHABLE_CODE = YES;
				CLANG_WARN__DUPLICATE_METHOD_MATCH = YES;
				COPY_PHASE_STRIP = NO;
				DEBUG_INFORMATION_FORMAT = dwarf;
				ENABLE_STRICT_OBJC_MSGSEND = YES;
				ENABLE_TESTABILITY = YES;
				GCC_C_LANGUAGE_STANDARD = gnu11;
				GCC_DYNAMIC_NO_PIC = NO;
				GCC_NO_COMMON_BLOCKS = YES;
				GCC_OPTIMIZATION_LEVEL = 0;
				GCC_PREPROCESSOR_DEFINITIONS = (
					"DEBUG=1",
					"$(inherited)",
				);
				GCC_WARN_64_TO_32_BIT_CONVERSION = YES;
				GCC_WARN_ABOUT_RETURN_TYPE = YES_ERROR;
				GCC_WARN_UNDECLARED_SELECTOR = YES;
				GCC_WARN_UNINITIALIZED_AUTOS = YES_AGGRESSIVE;
				GCC_WARN_UNUSED_FUNCTION = YES;
				GCC_WARN_UNUSED_VARIABLE = YES;
				IPHONEOS_DEPLOYMENT_TARGET = 15.0;
				MTL_ENABLE_DEBUG_INFO = INCLUDE_SOURCE;
				MTL_FAST_MATH = YES;
				ONLY_ACTIVE_ARCH = YES;
				SDKROOT = iphoneos;
				SWIFT_ACTIVE_COMPILATION_CONDITIONS = DEBUG;
				SWIFT_OPTIMIZATION_LEVEL = "-Onone";
			};
			name = Debug;
		};
		18689DAE28C27C6800B77995 /* Release */ = {
			isa = XCBuildConfiguration;
			buildSettings = {
				ALWAYS_SEARCH_USER_PATHS = NO;
				CLANG_ANALYZER_NONNULL = YES;
				CLANG_ANALYZER_NUMBER_OBJECT_CONVERSION = YES_AGGRESSIVE;
				CLANG_CXX_LANGUAGE_STANDARD = "gnu++17";
				CLANG_CXX_LIBRARY = "libc++";
				CLANG_ENABLE_MODULES = YES;
				CLANG_ENABLE_OBJC_ARC = YES;
				CLANG_ENABLE_OBJC_WEAK = YES;
				CLANG_WARN_BLOCK_CAPTURE_AUTORELEASING = YES;
				CLANG_WARN_BOOL_CONVERSION = YES;
				CLANG_WARN_COMMA = YES;
				CLANG_WARN_CONSTANT_CONVERSION = YES;
				CLANG_WARN_DEPRECATED_OBJC_IMPLEMENTATIONS = YES;
				CLANG_WARN_DIRECT_OBJC_ISA_USAGE = YES_ERROR;
				CLANG_WARN_DOCUMENTATION_COMMENTS = YES;
				CLANG_WARN_EMPTY_BODY = YES;
				CLANG_WARN_ENUM_CONVERSION = YES;
				CLANG_WARN_INFINITE_RECURSION = YES;
				CLANG_WARN_INT_CONVERSION = YES;
				CLANG_WARN_NON_LITERAL_NULL_CONVERSION = YES;
				CLANG_WARN_OBJC_IMPLICIT_RETAIN_SELF = YES;
				CLANG_WARN_OBJC_LITERAL_CONVERSION = YES;
				CLANG_WARN_OBJC_ROOT_CLASS = YES_ERROR;
				CLANG_WARN_QUOTED_INCLUDE_IN_FRAMEWORK_HEADER = YES;
				CLANG_WARN_RANGE_LOOP_ANALYSIS = YES;
				CLANG_WARN_STRICT_PROTOTYPES = YES;
				CLANG_WARN_SUSPICIOUS_MOVE = YES;
				CLANG_WARN_UNGUARDED_AVAILABILITY = YES_AGGRESSIVE;
				CLANG_WARN_UNREACHABLE_CODE = YES;
				CLANG_WARN__DUPLICATE_METHOD_MATCH = YES;
				COPY_PHASE_STRIP = NO;
				DEBUG_INFORMATION_FORMAT = "dwarf-with-dsym";
				ENABLE_NS_ASSERTIONS = NO;
				ENABLE_STRICT_OBJC_MSGSEND = YES;
				GCC_C_LANGUAGE_STANDARD = gnu11;
				GCC_NO_COMMON_BLOCKS = YES;
				GCC_WARN_64_TO_32_BIT_CONVERSION = YES;
				GCC_WARN_ABOUT_RETURN_TYPE = YES_ERROR;
				GCC_WARN_UNDECLARED_SELECTOR = YES;
				GCC_WARN_UNINITIALIZED_AUTOS = YES_AGGRESSIVE;
				GCC_WARN_UNUSED_FUNCTION = YES;
				GCC_WARN_UNUSED_VARIABLE = YES;
				IPHONEOS_DEPLOYMENT_TARGET = 15.0;
				MTL_ENABLE_DEBUG_INFO = NO;
				MTL_FAST_MATH = YES;
				SDKROOT = iphoneos;
				SWIFT_COMPILATION_MODE = wholemodule;
				SWIFT_OPTIMIZATION_LEVEL = "-O";
				VALIDATE_PRODUCT = YES;
			};
			name = Release;
		};
		18689DB028C27C6800B77995 /* Debug */ = {
			isa = XCBuildConfiguration;
			buildSettings = {
				ASSETCATALOG_COMPILER_APPICON_NAME = AppIcon;
				ASSETCATALOG_COMPILER_GLOBAL_ACCENT_COLOR_NAME = AccentColor;
				CODE_SIGN_STYLE = Automatic;
				CURRENT_PROJECT_VERSION = 1;
				DEVELOPMENT_ASSET_PATHS = "\"WildCats/Preview Content\"";
				ENABLE_PREVIEWS = YES;
				GENERATE_INFOPLIST_FILE = YES;
				INFOPLIST_KEY_UIApplicationSceneManifest_Generation = YES;
				INFOPLIST_KEY_UIApplicationSupportsIndirectInputEvents = YES;
				INFOPLIST_KEY_UILaunchScreen_Generation = YES;
				INFOPLIST_KEY_UISupportedInterfaceOrientations_iPad = "UIInterfaceOrientationPortrait UIInterfaceOrientationPortraitUpsideDown UIInterfaceOrientationLandscapeLeft UIInterfaceOrientationLandscapeRight";
				INFOPLIST_KEY_UISupportedInterfaceOrientations_iPhone = "UIInterfaceOrientationPortrait UIInterfaceOrientationLandscapeLeft UIInterfaceOrientationLandscapeRight";
				LD_RUNPATH_SEARCH_PATHS = (
					"$(inherited)",
					"@executable_path/Frameworks",
				);
				MARKETING_VERSION = 1.0;
				PRODUCT_BUNDLE_IDENTIFIER = Bigjerm.WildCats;
				PRODUCT_NAME = "$(TARGET_NAME)";
				SWIFT_EMIT_LOC_STRINGS = YES;
				SWIFT_VERSION = 5.0;
				TARGETED_DEVICE_FAMILY = "1,2";
			};
			name = Debug;
		};
		18689DB128C27C6800B77995 /* Release */ = {
			isa = XCBuildConfiguration;
			buildSettings = {
				ASSETCATALOG_COMPILER_APPICON_NAME = AppIcon;
				ASSETCATALOG_COMPILER_GLOBAL_ACCENT_COLOR_NAME = AccentColor;
				CODE_SIGN_STYLE = Automatic;
				CURRENT_PROJECT_VERSION = 1;
				DEVELOPMENT_ASSET_PATHS = "\"WildCats/Preview Content\"";
				ENABLE_PREVIEWS = YES;
				GENERATE_INFOPLIST_FILE = YES;
				INFOPLIST_KEY_UIApplicationSceneManifest_Generation = YES;
				INFOPLIST_KEY_UIApplicationSupportsIndirectInputEvents = YES;
				INFOPLIST_KEY_UILaunchScreen_Generation = YES;
				INFOPLIST_KEY_UISupportedInterfaceOrientations_iPad = "UIInterfaceOrientationPortrait UIInterfaceOrientationPortraitUpsideDown UIInterfaceOrientationLandscapeLeft UIInterfaceOrientationLandscapeRight";
				INFOPLIST_KEY_UISupportedInterfaceOrientations_iPhone = "UIInterfaceOrientationPortrait UIInterfaceOrientationLandscapeLeft UIInterfaceOrientationLandscapeRight";
				LD_RUNPATH_SEARCH_PATHS = (
					"$(inherited)",
					"@executable_path/Frameworks",
				);
				MARKETING_VERSION = 1.0;
				PRODUCT_BUNDLE_IDENTIFIER = Bigjerm.WildCats;
				PRODUCT_NAME = "$(TARGET_NAME)";
				SWIFT_EMIT_LOC_STRINGS = YES;
				SWIFT_VERSION = 5.0;
				TARGETED_DEVICE_FAMILY = "1,2";
			};
			name = Release;
		};
/* End XCBuildConfiguration section */

/* Begin XCConfigurationList section */
		18689D9C28C27C6300B77995 /* Build configuration list for PBXProject "WildCats" */ = {
			isa = XCConfigurationList;
			buildConfigurations = (
				18689DAD28C27C6800B77995 /* Debug */,
				18689DAE28C27C6800B77995 /* Release */,
			);
			defaultConfigurationIsVisible = 0;
			defaultConfigurationName = Release;
		};
		18689DAF28C27C6800B77995 /* Build configuration list for PBXNativeTarget "WildCats" */ = {
			isa = XCConfigurationList;
			buildConfigurations = (
				18689DB028C27C6800B77995 /* Debug */,
				18689DB128C27C6800B77995 /* Release */,
			);
			defaultConfigurationIsVisible = 0;
			defaultConfigurationName = Release;
		};
/* End XCConfigurationList section */
	};
	rootObject = 18689D9928C27C6300B77995 /* Project object */;
}
